{
  "name": "dlride-ops",
  "lockfileVersion": 3,
  "requires": true,
  "packages": {
    "": {
      "dependencies": {
        "@supabase/ssr": "^0.12.4",
        "@supabase/supabase-js": "^2.112.2"
      },
      "devDependencies": {
        "deno": "^2.9.5"
      }
    },
    "node_modules/@deno/darwin-arm64": {
      "version": "2.9.5",
      "resolved": "https://registry.npmjs.org/@deno/darwin-arm64/-/darwin-arm64-2.9.5.tgz",
      "integrity": "sha512-SX98qSdBT1lw9x6NwGwx2xIayl1kRimdRnFohYlJ6nt3mLKzTKHHKQwQs5D2pEY7mbUGGbYe9brM2kfN75pPkg==",
      "cpu": [
        "arm64"
      ],
      "dev": true,
      "license": "MIT",
      "optional": true,
      "os": [
        "darwin"
      ]
    },
    "node_modules/@deno/darwin-x64": {
      "version": "2.9.5",
      "resolved": "https://registry.npmjs.org/@deno/darwin-x64/-/darwin-x64-2.9.5.tgz",
      "integrity": "sha512-gbdlxWZuAZFiJiZtTT00Mv/aC7f/31+pyqJGQKlZr5X33WeTo5B0GG+efcX3P1UZceRKHuPEAQ1B/M2oRt8r9Q==",
      "cpu": [
        "x64"
      ],
      "dev": true,
      "license": "MIT",
      "optional": true,
      "os": [
        "darwin"
      ]
    },
    "node_modules/@deno/linux-arm64-glibc": {
      "version": "2.9.5",
      "resolved": "https://registry.npmjs.org/@deno/linux-arm64-glibc/-/linux-arm64-glibc-2.9.5.tgz",
      "integrity": "sha512-IuYjsz9PGl7CJcNXMuN27KNDB8Q40brK3SG3l+TXMDVW61ZKwcn0fQHBHnXFiiygEwI8by/fKnASEluhZB1atw==",
      "cpu": [
        "arm64"
      ],
      "dev": true,
      "license": "MIT",
      "optional": true,
      "os": [
        "linux"
      ]
    },
    "node_modules/@deno/linux-x64-glibc": {
      "version": "2.9.5",
      "resolved": "https://registry.npmjs.org/@deno/linux-x64-glibc/-/linux-x64-glibc-2.9.5.tgz",
      "integrity": "sha512-TDqcnoLe3jlgqYEQm7H7MK6q0JOth+o8iSZzknRODnVkJfPiNnjVn1M1Zc6vnp+ipkyb6Av1/CUlHgHtlq59Gw==",
      "cpu": [
        "x64"
      ],
      "dev": true,
      "license": "MIT",
      "optional": true,
      "os": [
        "linux"
      ]
    },
    "node_modules/@deno/win32-arm64": {
      "version": "2.9.5",
      "resolved": "https://registry.npmjs.org/@deno/win32-arm64/-/win32-arm64-2.9.5.tgz",
      "integrity": "sha512-tTPrE/4SX7uaC8nJW47iNnibtjzk1y4zoiYjBBHE34vdkbb6LHopqH68BxyT61HZdfqXzOTEYjDVHhtmVZFy+w==",
      "cpu": [
        "arm64"
      ],
      "dev": true,
      "license": "MIT",
      "optional": true,
      "os": [
        "win32"
      ]
    },
    "node_modules/@deno/win32-x64": {
      "version": "2.9.5",
      "resolved": "https://registry.npmjs.org/@deno/win32-x64/-/win32-x64-2.9.5.tgz",
      "integrity": "sha512-LkcERsH0olOgevg9L9eootSr1U8ydyfnX1bS3mFqU+lGBeTYtlec5b/QF473WUOGVgPlWECrkxi4As5kEaFOzg==",
      "cpu": [
        "x64"
      ],
      "dev": true,
      "license": "MIT",
      "optional": true,
      "os": [
        "win32"
      ]
    },
    "node_modules/@supabase/auth-js": {
      "version": "2.112.2",
      "resolved": "https://registry.npmjs.org/@supabase/auth-js/-/auth-js-2.112.2.tgz",
      "integrity": "sha512-l1InCp4j98d09LZ6+RgubgF4eVPGBGXcLEhFusLg1qUCHJ2IEkYu5FohKK+eaFmIOwEk0kqG/j/lycw5e15mcQ==",
      "license": "MIT",
      "dependencies": {
        "tslib": "2.8.1"
      },
      "engines": {
        "node": ">=22.0.0"
      }
    },
    "node_modules/@supabase/functions-js": {
      "version": "2.112.2",
      "resolved": "https://registry.npmjs.org/@supabase/functions-js/-/functions-js-2.112.2.tgz",
      "integrity": "sha512-oMuSWN0ERmrG9S6kOM0bwhHmESGVl3kMtkZl2dNCU/r89hMiziX4GfD1omNo9QcBDele4N0GwSZ7hdbpuiA35A==",
      "license": "MIT",
      "dependencies": {
        "tslib": "2.8.1"
      },
      "engines": {
        "node": ">=22.0.0"
      }
    },
    "node_modules/@supabase/phoenix": {
      "version": "0.4.5",
      "resolved": "https://registry.npmjs.org/@supabase/phoenix/-/phoenix-0.4.5.tgz",
      "integrity": "sha512-aAn9H9ovVyeApKy11OWOrrOGq8DV68yWeH4ud2lN9fzn4aO8Zb5GLL9m1pUg9nLqIcT+ZDfAcsZe0E/nqdv2lw==",
      "license": "MIT"
    },
    "node_modules/@supabase/postgrest-js": {
      "version": "2.112.2",
      "resolved": "https://registry.npmjs.org/@supabase/postgrest-js/-/postgrest-js-2.112.2.tgz",
      "integrity": "sha512-ewhhtRny/HFRGhUTTg/PsqIatsl8OhW8Eha/Tz4S+SRAXBnuhKei9ZpsQTgL/3XcH9UEwuPQyQgQ9itq7nRQeg==",
      "license": "MIT",
      "dependencies": {
        "tslib": "2.8.1"
      },
      "engines": {
        "node": ">=22.0.0"
      }
    },
    "node_modules/@supabase/realtime-js": {
      "version": "2.112.2",
      "resolved": "https://registry.npmjs.org/@supabase/realtime-js/-/realtime-js-2.112.2.tgz",
      "integrity": "sha512-cd9/CEUJ6Go13FxtfiuC5rYELJtuQzVzTXlGG+XjSppjDS+anq+xo++WQe7ZRUNTuHOCeyKRwmx9Hw/OQJ04ig==",
      "license": "MIT",
      "dependencies": {
        "@supabase/phoenix": "0.4.5",
        "tslib": "2.8.1"
      },
      "engines": {
        "node": ">=22.0.0"
      }
    },
    "node_modules/@supabase/ssr": {
      "version": "0.12.4",
      "resolved": "https://registry.npmjs.org/@supabase/ssr/-/ssr-0.12.4.tgz",
      "integrity": "sha512-xHzcgI8cC1TpBKSwJcR5Yd8CCwfIq0SBc5yb4yz/YFw5tbCrEQ0QT3a+2jymCxHgQWLfzwN93HZ6eRbcoMkOlA==",
      "license": "MIT",
      "dependencies": {
        "cookie": "^1.0.2"
      },
      "peerDependencies": {
        "@supabase/supabase-js": "^2.111.0"
      }
    },
    "node_modules/@supabase/storage-js": {
      "version": "2.112.2",
      "resolved": "https://registry.npmjs.org/@supabase/storage-js/-/storage-js-2.112.2.tgz",
      "integrity": "sha512-6jyBq/J1iXOHNpbjCZS7gFcDk49iM1MCJUVkDl71gLd/+XnLDzpUBs8icGebtwiHpl4kVszxIRDYAosbF4Rsig==",
      "license": "MIT",
      "dependencies": {
        "iceberg-js": "^0.8.1",
        "tslib": "2.8.1"
      },
      "engines": {
        "node": ">=22.0.0"
      }
    },
    "node_modules/@supabase/supabase-js": {
      "version": "2.112.2",
      "resolved": "https://registry.npmjs.org/@supabase/supabase-js/-/supabase-js-2.112.2.tgz",
      "integrity": "sha512-UyI1epU9B4X51HvNpkmlwTdF20fEcz2vyvrcDKVzFN4jZN41f5iQRqsiIQjAY5OVJD6ljqA/1g9JQeOTvFHpkA==",
      "license": "MIT",
      "dependencies": {
        "@supabase/auth-js": "2.112.2",
        "@supabase/functions-js": "2.112.2",
        "@supabase/postgrest-js": "2.112.2",
        "@supabase/realtime-js": "2.112.2",
        "@supabase/storage-js": "2.112.2"
      },
      "engines": {
        "node": ">=22.0.0"
      },
      "peerDependencies": {
        "@opentelemetry/api": ">=1.0.0"
      },
      "peerDependenciesMeta": {
        "@opentelemetry/api": {
          "optional": true
        }
      }
    },
    "node_modules/cookie": {
      "version": "1.1.1",
      "resolved": "https://registry.npmjs.org/cookie/-/cookie-1.1.1.tgz",
      "integrity": "sha512-ei8Aos7ja0weRpFzJnEA9UHJ/7XQmqglbRwnf2ATjcB9Wq874VKH9kfjjirM6UhU2/E5fFYadylyhFldcqSidQ==",
      "license": "MIT",
      "engines": {
        "node": ">=18"
      },
      "funding": {
        "type": "opencollective",
        "url": "https://opencollective.com/express"
      }
    },
    "node_modules/deno": {
      "version": "2.9.5",
      "resolved": "https://registry.npmjs.org/deno/-/deno-2.9.5.tgz",
      "integrity": "sha512-Jt/AcJiErtUW9krGwlwUDsm1coNtmfthiQ4JtSCF+JNkqohbeiJoRVkCr4FA4WQstyHuSJaON6PHCin0UCtlLg==",
      "dev": true,
      "hasInstallScript": true,
      "license": "MIT",
      "bin": {
        "deno": "bin.cjs"
      },
      "optionalDependencies": {
        "@deno/darwin-arm64": "2.9.5",
        "@deno/darwin-x64": "2.9.5",
        "@deno/linux-arm64-glibc": "2.9.5",
        "@deno/linux-x64-glibc": "2.9.5",
        "@deno/win32-arm64": "2.9.5",
        "@deno/win32-x64": "2.9.5"
      }
    },
    "node_modules/iceberg-js": {
      "version": "0.8.1",
      "resolved": "https://registry.npmjs.org/iceberg-js/-/iceberg-js-0.8.1.tgz",
      "integrity": "sha512-1dhVQZXhcHje7798IVM+xoo/1ZdVfzOMIc8/rgVSijRK38EDqOJoGula9N/8ZI5RD8QTxNQtK/Gozpr+qUqRRA==",
      "license": "MIT",
      "engines": {
        "node": ">=20.0.0"
      }
    },
    "node_modules/tslib": {
      "version": "2.8.1",
      "resolved": "https://registry.npmjs.org/tslib/-/tslib-2.8.1.tgz",
      "integrity": "sha512-oJFu94HQb+KVduSUQL7wnpmqnfmLsOA/nAh6b6EH0wCEoK0/mPeXU6c3wKDV83MkOuHPRHtSXKKU99IBazS/2w==",
      "license": "0BSD"
    }
  }
}
